
Microsoft Visual Studio Solution File, Format Version 12.00
# Visual Studio Version 16
VisualStudioVersion = 16.0.29424.173
MinimumVisualStudioVersion = 10.0.40219.1
Project("{FAE04EC0-301F-11D3-BF4B-00C04F79EFBC}") = "MyDeal", "MyDeal\MyDeal.csproj", "{DDA24CAB-67CA-4499-A48C-959D67351629}"
EndProject
Project("{FAE04EC0-301F-11D3-BF4B-00C04F79EFBC}") = "MyDeal.Models", "MyDeal.Models\MyDeal.Models.csproj", "{C26E8B91-A721-480B-B0B7-6CEF1E61916E}"
EndProject
Project("{FAE04EC0-301F-11D3-BF4B-00C04F79EFBC}") = "MyDeal.Service", "MyDeal.Service\MyDeal.Service.csproj", "{3E2743A1-90C0-4D59-B7BD-40DCAC7466BC}"
EndProject
Project("{FAE04EC0-301F-11D3-BF4B-00C04F79EFBC}") = "MyDeal.Repository", "MyDeal.Repository\MyDeal.Repository.csproj", "{B53A32F4-7F65-4E6C-B7EB-F404CF51B1D1}"
EndProject
Project("{FAE04EC0-301F-11D3-BF4B-00C04F79EFBC}") = "MyDeal.Utility", "MyDeal.Utility\MyDeal.Utility.csproj", "{2A8374F5-8801-4903-A5F9-69BF43A4750D}"
EndProject
Global
	GlobalSection(SolutionConfigurationPlatforms) = preSolution
		Debug|Any CPU = Debug|Any CPU
		Release|Any CPU = Release|Any CPU
	EndGlobalSection
	GlobalSection(ProjectConfigurationPlatforms) = postSolution
		{DDA24CAB-67CA-4499-A48C-959D67351629}.Debug|Any CPU.ActiveCfg = Debug|Any CPU
		{DDA24CAB-67CA-4499-A48C-959D67351629}.Debug|Any CPU.Build.0 = Debug|Any CPU
		{DDA24CAB-67CA-4499-A48C-959D67351629}.Release|Any CPU.ActiveCfg = Release|Any CPU
		{DDA24CAB-67CA-4499-A48C-959D67351629}.Release|Any CPU.Build.0 = Release|Any CPU
		{C26E8B91-A721-480B-B0B7-6CEF1E61916E}.Debug|Any CPU.ActiveCfg = Debug|Any CPU
		{C26E8B91-A721-480B-B0B7-6CEF1E61916E}.Debug|Any CPU.Build.0 = Debug|Any CPU
		{C26E8B91-A721-480B-B0B7-6CEF1E61916E}.Release|Any CPU.ActiveCfg = Release|Any CPU
		{C26E8B91-A721-480B-B0B7-6CEF1E61916E}.Release|Any CPU.Build.0 = Release|Any CPU
		{3E2743A1-90C0-4D59-B7BD-40DCAC7466BC}.Debug|Any CPU.ActiveCfg = Debug|Any CPU
		{3E2743A1-90C0-4D59-B7BD-40DCAC7466BC}.Debug|Any CPU.Build.0 = Debug|Any CPU
		{3E2743A1-90C0-4D59-B7BD-40DCAC7466BC}.Release|Any CPU.ActiveCfg = Release|Any CPU
		{3E2743A1-90C0-4D59-B7BD-40DCAC7466BC}.Release|Any CPU.Build.0 = Release|Any CPU
		{B53A32F4-7F65-4E6C-B7EB-F404CF51B1D1}.Debug|Any CPU.ActiveCfg = Debug|Any CPU
		{B53A32F4-7F65-4E6C-B7EB-F404CF51B1D1}.Debug|Any CPU.Build.0 = Debug|Any CPU
		{B53A32F4-7F65-4E6C-B7EB-F404CF51B1D1}.Release|Any CPU.ActiveCfg = Release|Any CPU
		{B53A32F4-7F65-4E6C-B7EB-F404CF51B1D1}.Release|Any CPU.Build.0 = Release|Any CPU
		{2A8374F5-8801-4903-A5F9-69BF43A4750D}.Debug|Any CPU.ActiveCfg = Debug|Any CPU
		{2A8374F5-8801-4903-A5F9-69BF43A4750D}.Debug|Any CPU.Build.0 = Debug|Any CPU
		{2A8374F5-8801-4903-A5F9-69BF43A4750D}.Release|Any CPU.ActiveCfg = Release|Any CPU
		{2A8374F5-8801-4903-A5F9-69BF43A4750D}.Release|Any CPU.Build.0 = Release|Any CPU
	EndGlobalSection
	GlobalSection(SolutionProperties) = preSolution
		HideSolutionNode = FALSE
	EndGlobalSection
	GlobalSection(ExtensibilityGlobals) = postSolution
		SolutionGuid = {C6AFD045-2E0E-40E0-9883-123912FA2864}
	EndGlobalSection
EndGlobal
